{
  "name": "pms-hanawilo",
  "version": "1.0.0",
  "lockfileVersion": 2,
  "requires": true,
  "packages": {
    "": {
      "name": "pms-hanawilo",
      "version": "1.0.0",
      "license": "ISC",
      "dependencies": {
        "@fontsource/urbanist": "^4.5.16"
      }
    },
    "node_modules/@fontsource/urbanist": {
      "version": "4.5.16",
      "resolved": "https://registry.npmjs.org/@fontsource/urbanist/-/urbanist-4.5.16.tgz",
      "integrity": "sha512-chpL8gV2LlXqFbykFTzsuBzlI8Htdvxn1ZWjtwtWzo6GnEjZFiA+2wb2xH5sDPrkNQnZGElJoE2yn9+Id1rIqg=="
    }
  },
  "dependencies": {
    "@fontsource/urbanist": {
      "version": "4.5.16",
      "resolved": "https://registry.npmjs.org/@fontsource/urbanist/-/urbanist-4.5.16.tgz",
      "integrity": "sha512-chpL8gV2LlXqFbykFTzsuBzlI8Htdvxn1ZWjtwtWzo6GnEjZFiA+2wb2xH5sDPrkNQnZGElJoE2yn9+Id1rIqg=="
    }
  }
}
